
Microsoft Visual Studio Solution File, Format Version 12.00
# Visual Studio 15
VisualStudioVersion = 15.0.27130.2027
MinimumVisualStudioVersion = 10.0.40219.1
Project("{FAE04EC0-301F-11D3-BF4B-00C04F79EFBC}") = "DragNDrop2.Android", "DragNDrop2\DragNDrop2.Android\DragNDrop2.Android.csproj", "{D026CA77-2602-4F89-8973-0094C1E44F86}"
EndProject
Project("{FAE04EC0-301F-11D3-BF4B-00C04F79EFBC}") = "DragNDrop2.iOS", "DragNDrop2\DragNDrop2.iOS\DragNDrop2.iOS.csproj", "{567F4805-6B52-4BAE-8E9F-A69278AB0A60}"
EndProject
Project("{FAE04EC0-301F-11D3-BF4B-00C04F79EFBC}") = "DragNDrop2.UWP", "DragNDrop2\DragNDrop2.UWP\DragNDrop2.UWP.csproj", "{35F1A90F-4AFF-4F95-8BE7-9B35E6ED5975}"
EndProject
Project("{FAE04EC0-301F-11D3-BF4B-00C04F79EFBC}") = "DragNDrop2", "DragNDrop2\DragNDrop2\DragNDrop2.csproj", "{2FE8B635-6185-4CB7-B19D-79EE9F386E1C}"
EndProject
Global
	GlobalSection(SolutionConfigurationPlatforms) = preSolution
		Debug|Any CPU = Debug|Any CPU
		Debug|ARM = Debug|ARM
		Debug|iPhone = Debug|iPhone
		Debug|iPhoneSimulator = Debug|iPhoneSimulator
		Debug|x64 = Debug|x64
		Debug|x86 = Debug|x86
		Release|Any CPU = Release|Any CPU
		Release|ARM = Release|ARM
		Release|iPhone = Release|iPhone
		Release|iPhoneSimulator = Release|iPhoneSimulator
		Release|x64 = Release|x64
		Release|x86 = Release|x86
	EndGlobalSection
	GlobalSection(ProjectConfigurationPlatforms) = postSolution
		{D026CA77-2602-4F89-8973-0094C1E44F86}.Debug|Any CPU.ActiveCfg = Debug|Any CPU
		{D026CA77-2602-4F89-8973-0094C1E44F86}.Debug|Any CPU.Build.0 = Debug|Any CPU
		{D026CA77-2602-4F89-8973-0094C1E44F86}.Debug|Any CPU.Deploy.0 = Debug|Any CPU
		{D026CA77-2602-4F89-8973-0094C1E44F86}.Debug|ARM.ActiveCfg = Debug|Any CPU
		{D026CA77-2602-4F89-8973-0094C1E44F86}.Debug|ARM.Build.0 = Debug|Any CPU
		{D026CA77-2602-4F89-8973-0094C1E44F86}.Debug|ARM.Deploy.0 = Debug|Any CPU
		{D026CA77-2602-4F89-8973-0094C1E44F86}.Debug|iPhone.ActiveCfg = Debug|Any CPU
		{D026CA77-2602-4F89-8973-0094C1E44F86}.Debug|iPhone.Build.0 = Debug|Any CPU
		{D026CA77-2602-4F89-8973-0094C1E44F86}.Debug|iPhone.Deploy.0 = Debug|Any CPU
		{D026CA77-2602-4F89-8973-0094C1E44F86}.Debug|iPhoneSimulator.ActiveCfg = Debug|Any CPU
		{D026CA77-2602-4F89-8973-0094C1E44F86}.Debug|iPhoneSimulator.Build.0 = Debug|Any CPU
		{D026CA77-2602-4F89-8973-0094C1E44F86}.Debug|iPhoneSimulator.Deploy.0 = Debug|Any CPU
		{D026CA77-2602-4F89-8973-0094C1E44F86}.Debug|x64.ActiveCfg = Debug|Any CPU
		{D026CA77-2602-4F89-8973-0094C1E44F86}.Debug|x64.Build.0 = Debug|Any CPU
		{D026CA77-2602-4F89-8973-0094C1E44F86}.Debug|x64.Deploy.0 = Debug|Any CPU
		{D026CA77-2602-4F89-8973-0094C1E44F86}.Debug|x86.ActiveCfg = Debug|Any CPU
		{D026CA77-2602-4F89-8973-0094C1E44F86}.Debug|x86.Build.0 = Debug|Any CPU
		{D026CA77-2602-4F89-8973-0094C1E44F86}.Debug|x86.Deploy.0 = Debug|Any CPU
		{D026CA77-2602-4F89-8973-0094C1E44F86}.Release|Any CPU.ActiveCfg = Release|Any CPU
		{D026CA77-2602-4F89-8973-0094C1E44F86}.Release|Any CPU.Build.0 = Release|Any CPU
		{D026CA77-2602-4F89-8973-0094C1E44F86}.Release|Any CPU.Deploy.0 = Release|Any CPU
		{D026CA77-2602-4F89-8973-0094C1E44F86}.Release|ARM.ActiveCfg = Release|Any CPU
		{D026CA77-2602-4F89-8973-0094C1E44F86}.Release|ARM.Build.0 = Release|Any CPU
		{D026CA77-2602-4F89-8973-0094C1E44F86}.Release|ARM.Deploy.0 = Release|Any CPU
		{D026CA77-2602-4F89-8973-0094C1E44F86}.Release|iPhone.ActiveCfg = Release|Any CPU
		{D026CA77-2602-4F89-8973-0094C1E44F86}.Release|iPhone.Build.0 = Release|Any CPU
		{D026CA77-2602-4F89-8973-0094C1E44F86}.Release|iPhone.Deploy.0 = Release|Any CPU
		{D026CA77-2602-4F89-8973-0094C1E44F86}.Release|iPhoneSimulator.ActiveCfg = Release|Any CPU
		{D026CA77-2602-4F89-8973-0094C1E44F86}.Release|iPhoneSimulator.Build.0 = Release|Any CPU
		{D026CA77-2602-4F89-8973-0094C1E44F86}.Release|iPhoneSimulator.Deploy.0 = Release|Any CPU
		{D026CA77-2602-4F89-8973-0094C1E44F86}.Release|x64.ActiveCfg = Release|Any CPU
		{D026CA77-2602-4F89-8973-0094C1E44F86}.Release|x64.Build.0 = Release|Any CPU
		{D026CA77-2602-4F89-8973-0094C1E44F86}.Release|x64.Deploy.0 = Release|Any CPU
		{D026CA77-2602-4F89-8973-0094C1E44F86}.Release|x86.ActiveCfg = Release|Any CPU
		{D026CA77-2602-4F89-8973-0094C1E44F86}.Release|x86.Build.0 = Release|Any CPU
		{D026CA77-2602-4F89-8973-0094C1E44F86}.Release|x86.Deploy.0 = Release|Any CPU
		{567F4805-6B52-4BAE-8E9F-A69278AB0A60}.Debug|Any CPU.ActiveCfg = Debug|iPhone
		{567F4805-6B52-4BAE-8E9F-A69278AB0A60}.Debug|ARM.ActiveCfg = Debug|iPhone
		{567F4805-6B52-4BAE-8E9F-A69278AB0A60}.Debug|iPhone.ActiveCfg = Debug|iPhone
		{567F4805-6B52-4BAE-8E9F-A69278AB0A60}.Debug|iPhone.Build.0 = Debug|iPhone
		{567F4805-6B52-4BAE-8E9F-A69278AB0A60}.Debug|iPhoneSimulator.ActiveCfg = Debug|iPhoneSimulator
		{567F4805-6B52-4BAE-8E9F-A69278AB0A60}.Debug|iPhoneSimulator.Build.0 = Debug|iPhoneSimulator
		{567F4805-6B52-4BAE-8E9F-A69278AB0A60}.Debug|x64.ActiveCfg = Debug|iPhone
		{567F4805-6B52-4BAE-8E9F-A69278AB0A60}.Debug|x86.ActiveCfg = Debug|iPhone
		{567F4805-6B52-4BAE-8E9F-A69278AB0A60}.Release|Any CPU.ActiveCfg = Release|iPhone
		{567F4805-6B52-4BAE-8E9F-A69278AB0A60}.Release|ARM.ActiveCfg = Release|iPhone
		{567F4805-6B52-4BAE-8E9F-A69278AB0A60}.Release|iPhone.ActiveCfg = Release|iPhone
		{567F4805-6B52-4BAE-8E9F-A69278AB0A60}.Release|iPhone.Build.0 = Release|iPhone
		{567F4805-6B52-4BAE-8E9F-A69278AB0A60}.Release|iPhoneSimulator.ActiveCfg = Release|iPhoneSimulator
		{567F4805-6B52-4BAE-8E9F-A69278AB0A60}.Release|iPhoneSimulator.Build.0 = Release|iPhoneSimulator
		{567F4805-6B52-4BAE-8E9F-A69278AB0A60}.Release|x64.ActiveCfg = Release|iPhone
		{567F4805-6B52-4BAE-8E9F-A69278AB0A60}.Release|x86.ActiveCfg = Release|iPhone
		{35F1A90F-4AFF-4F95-8BE7-9B35E6ED5975}.Debug|Any CPU.ActiveCfg = Debug|x86
		{35F1A90F-4AFF-4F95-8BE7-9B35E6ED5975}.Debug|ARM.ActiveCfg = Debug|ARM
		{35F1A90F-4AFF-4F95-8BE7-9B35E6ED5975}.Debug|ARM.Build.0 = Debug|ARM
		{35F1A90F-4AFF-4F95-8BE7-9B35E6ED5975}.Debug|ARM.Deploy.0 = Debug|ARM
		{35F1A90F-4AFF-4F95-8BE7-9B35E6ED5975}.Debug|iPhone.ActiveCfg = Debug|x86
		{35F1A90F-4AFF-4F95-8BE7-9B35E6ED5975}.Debug|iPhoneSimulator.ActiveCfg = Debug|x86
		{35F1A90F-4AFF-4F95-8BE7-9B35E6ED5975}.Debug|x64.ActiveCfg = Debug|x64
		{35F1A90F-4AFF-4F95-8BE7-9B35E6ED5975}.Debug|x64.Build.0 = Debug|x64
		{35F1A90F-4AFF-4F95-8BE7-9B35E6ED5975}.Debug|x64.Deploy.0 = Debug|x64
		{35F1A90F-4AFF-4F95-8BE7-9B35E6ED5975}.Debug|x86.ActiveCfg = Debug|x86
		{35F1A90F-4AFF-4F95-8BE7-9B35E6ED5975}.Debug|x86.Build.0 = Debug|x86
		{35F1A90F-4AFF-4F95-8BE7-9B35E6ED5975}.Debug|x86.Deploy.0 = Debug|x86
		{35F1A90F-4AFF-4F95-8BE7-9B35E6ED5975}.Release|Any CPU.ActiveCfg = Release|x86
		{35F1A90F-4AFF-4F95-8BE7-9B35E6ED5975}.Release|ARM.ActiveCfg = Release|ARM
		{35F1A90F-4AFF-4F95-8BE7-9B35E6ED5975}.Release|ARM.Build.0 = Release|ARM
		{35F1A90F-4AFF-4F95-8BE7-9B35E6ED5975}.Release|ARM.Deploy.0 = Release|ARM
		{35F1A90F-4AFF-4F95-8BE7-9B35E6ED5975}.Release|iPhone.ActiveCfg = Release|x86
		{35F1A90F-4AFF-4F95-8BE7-9B35E6ED5975}.Release|iPhoneSimulator.ActiveCfg = Release|x86
		{35F1A90F-4AFF-4F95-8BE7-9B35E6ED5975}.Release|x64.ActiveCfg = Release|x64
		{35F1A90F-4AFF-4F95-8BE7-9B35E6ED5975}.Release|x64.Build.0 = Release|x64
		{35F1A90F-4AFF-4F95-8BE7-9B35E6ED5975}.Release|x64.Deploy.0 = Release|x64
		{35F1A90F-4AFF-4F95-8BE7-9B35E6ED5975}.Release|x86.ActiveCfg = Release|x86
		{35F1A90F-4AFF-4F95-8BE7-9B35E6ED5975}.Release|x86.Build.0 = Release|x86
		{35F1A90F-4AFF-4F95-8BE7-9B35E6ED5975}.Release|x86.Deploy.0 = Release|x86
		{2FE8B635-6185-4CB7-B19D-79EE9F386E1C}.Debug|Any CPU.ActiveCfg = Debug|Any CPU
		{2FE8B635-6185-4CB7-B19D-79EE9F386E1C}.Debug|Any CPU.Build.0 = Debug|Any CPU
		{2FE8B635-6185-4CB7-B19D-79EE9F386E1C}.Debug|ARM.ActiveCfg = Debug|Any CPU
		{2FE8B635-6185-4CB7-B19D-79EE9F386E1C}.Debug|ARM.Build.0 = Debug|Any CPU
		{2FE8B635-6185-4CB7-B19D-79EE9F386E1C}.Debug|iPhone.ActiveCfg = Debug|Any CPU
		{2FE8B635-6185-4CB7-B19D-79EE9F386E1C}.Debug|iPhone.Build.0 = Debug|Any CPU
		{2FE8B635-6185-4CB7-B19D-79EE9F386E1C}.Debug|iPhoneSimulator.ActiveCfg = Debug|Any CPU
		{2FE8B635-6185-4CB7-B19D-79EE9F386E1C}.Debug|iPhoneSimulator.Build.0 = Debug|Any CPU
		{2FE8B635-6185-4CB7-B19D-79EE9F386E1C}.Debug|x64.ActiveCfg = Debug|Any CPU
		{2FE8B635-6185-4CB7-B19D-79EE9F386E1C}.Debug|x64.Build.0 = Debug|Any CPU
		{2FE8B635-6185-4CB7-B19D-79EE9F386E1C}.Debug|x86.ActiveCfg = Debug|Any CPU
		{2FE8B635-6185-4CB7-B19D-79EE9F386E1C}.Debug|x86.Build.0 = Debug|Any CPU
		{2FE8B635-6185-4CB7-B19D-79EE9F386E1C}.Release|Any CPU.ActiveCfg = Release|Any CPU
		{2FE8B635-6185-4CB7-B19D-79EE9F386E1C}.Release|Any CPU.Build.0 = Release|Any CPU
		{2FE8B635-6185-4CB7-B19D-79EE9F386E1C}.Release|ARM.ActiveCfg = Release|Any CPU
		{2FE8B635-6185-4CB7-B19D-79EE9F386E1C}.Release|ARM.Build.0 = Release|Any CPU
		{2FE8B635-6185-4CB7-B19D-79EE9F386E1C}.Release|iPhone.ActiveCfg = Release|Any CPU
		{2FE8B635-6185-4CB7-B19D-79EE9F386E1C}.Release|iPhone.Build.0 = Release|Any CPU
		{2FE8B635-6185-4CB7-B19D-79EE9F386E1C}.Release|iPhoneSimulator.ActiveCfg = Release|Any CPU
		{2FE8B635-6185-4CB7-B19D-79EE9F386E1C}.Release|iPhoneSimulator.Build.0 = Release|Any CPU
		{2FE8B635-6185-4CB7-B19D-79EE9F386E1C}.Release|x64.ActiveCfg = Release|Any CPU
		{2FE8B635-6185-4CB7-B19D-79EE9F386E1C}.Release|x64.Build.0 = Release|Any CPU
		{2FE8B635-6185-4CB7-B19D-79EE9F386E1C}.Release|x86.ActiveCfg = Release|Any CPU
		{2FE8B635-6185-4CB7-B19D-79EE9F386E1C}.Release|x86.Build.0 = Release|Any CPU
	EndGlobalSection
	GlobalSection(SolutionProperties) = preSolution
		HideSolutionNode = FALSE
	EndGlobalSection
	GlobalSection(ExtensibilityGlobals) = postSolution
		SolutionGuid = {E330CD56-8034-41FA-A193-1F8F53181EE4}
	EndGlobalSection
EndGlobal
